
Microsoft Visual Studio Solution File, Format Version 12.00
# Visual Studio Version 16
VisualStudioVersion = 16.0.30204.135
MinimumVisualStudioVersion = 10.0.40219.1
Project("{FAE04EC0-301F-11D3-BF4B-00C04F79EFBC}") = "klasifikace", "klasifikace\klasifikace.csproj", "{4C10AE9D-19B3-42FF-82E5-6D23D0403FFC}"
EndProject
Global
	GlobalSection(SolutionConfigurationPlatforms) = preSolution
		Debug|Any CPU = Debug|Any CPU
		Release|Any CPU = Release|Any CPU
	EndGlobalSection
	GlobalSection(ProjectConfigurationPlatforms) = postSolution
		{4C10AE9D-19B3-42FF-82E5-6D23D0403FFC}.Debug|Any CPU.ActiveCfg = Debug|Any CPU
		{4C10AE9D-19B3-42FF-82E5-6D23D0403FFC}.Debug|Any CPU.Build.0 = Debug|Any CPU
		{4C10AE9D-19B3-42FF-82E5-6D23D0403FFC}.Release|Any CPU.ActiveCfg = Release|Any CPU
		{4C10AE9D-19B3-42FF-82E5-6D23D0403FFC}.Release|Any CPU.Build.0 = Release|Any CPU
	EndGlobalSection
	GlobalSection(SolutionProperties) = preSolution
		HideSolutionNode = FALSE
	EndGlobalSection
	GlobalSection(ExtensibilityGlobals) = postSolution
		SolutionGuid = {5D8014A8-628B-486E-9042-05DA926CD116}
	EndGlobalSection
EndGlobal
